
Microsoft Visual Studio Solution File, Format Version 12.00
# Visual Studio Version 17
VisualStudioVersion = 17.0.31912.275
MinimumVisualStudioVersion = 10.0.40219.1
Project("{8BC9CEB8-8B4A-11D0-8D11-00A0C91BC942}") = "Introduction", "Introduction\Introduction.vcxproj", "{A2C7EA15-9625-4185-BC5B-5FD24FCE7740}"
EndProject
Project("{8BC9CEB8-8B4A-11D0-8D11-00A0C91BC942}") = "VoidPointers", "VoidPointers\VoidPointers.vcxproj", "{4D535337-015B-4428-941A-8376F470F456}"
EndProject
Project("{8BC9CEB8-8B4A-11D0-8D11-00A0C91BC942}") = "PointersAndArrays", "PointersAndArrays\PointersAndArrays.vcxproj", "{D8E0F2AC-6725-45FC-AA13-BA06B74F040C}"
EndProject
Project("{8BC9CEB8-8B4A-11D0-8D11-00A0C91BC942}") = "ReturnMultipleValuesFromFunction", "ReturnMultipleValuesFromFunction\ReturnMultipleValuesFromFunction.vcxproj", "{AF4D77B5-0B2F-4DEC-AAB8-05D48EBEFBF4}"
EndProject
Project("{8BC9CEB8-8B4A-11D0-8D11-00A0C91BC942}") = "DynamicArrays", "DynamicArrays\DynamicArrays.vcxproj", "{592E48A4-DEB8-4425-A2DE-8FD0510D8EB2}"
EndProject
Project("{8BC9CEB8-8B4A-11D0-8D11-00A0C91BC942}") = "MultidimensionalDynamicArrays", "MultidimensionalDynamicArrays\MultidimensionalDynamicArrays.vcxproj", "{74B41B23-C1F1-4210-A992-1F53FB93DC81}"
EndProject
Global
	GlobalSection(SolutionConfigurationPlatforms) = preSolution
		Debug|x64 = Debug|x64
		Debug|x86 = Debug|x86
		Release|x64 = Release|x64
		Release|x86 = Release|x86
	EndGlobalSection
	GlobalSection(ProjectConfigurationPlatforms) = postSolution
		{A2C7EA15-9625-4185-BC5B-5FD24FCE7740}.Debug|x64.ActiveCfg = Debug|x64
		{A2C7EA15-9625-4185-BC5B-5FD24FCE7740}.Debug|x64.Build.0 = Debug|x64
		{A2C7EA15-9625-4185-BC5B-5FD24FCE7740}.Debug|x86.ActiveCfg = Debug|Win32
		{A2C7EA15-9625-4185-BC5B-5FD24FCE7740}.Debug|x86.Build.0 = Debug|Win32
		{A2C7EA15-9625-4185-BC5B-5FD24FCE7740}.Release|x64.ActiveCfg = Release|x64
		{A2C7EA15-9625-4185-BC5B-5FD24FCE7740}.Release|x64.Build.0 = Release|x64
		{A2C7EA15-9625-4185-BC5B-5FD24FCE7740}.Release|x86.ActiveCfg = Release|Win32
		{A2C7EA15-9625-4185-BC5B-5FD24FCE7740}.Release|x86.Build.0 = Release|Win32
		{4D535337-015B-4428-941A-8376F470F456}.Debug|x64.ActiveCfg = Debug|x64
		{4D535337-015B-4428-941A-8376F470F456}.Debug|x64.Build.0 = Debug|x64
		{4D535337-015B-4428-941A-8376F470F456}.Debug|x86.ActiveCfg = Debug|Win32
		{4D535337-015B-4428-941A-8376F470F456}.Debug|x86.Build.0 = Debug|Win32
		{4D535337-015B-4428-941A-8376F470F456}.Release|x64.ActiveCfg = Release|x64
		{4D535337-015B-4428-941A-8376F470F456}.Release|x64.Build.0 = Release|x64
		{4D535337-015B-4428-941A-8376F470F456}.Release|x86.ActiveCfg = Release|Win32
		{4D535337-015B-4428-941A-8376F470F456}.Release|x86.Build.0 = Release|Win32
		{D8E0F2AC-6725-45FC-AA13-BA06B74F040C}.Debug|x64.ActiveCfg = Debug|x64
		{D8E0F2AC-6725-45FC-AA13-BA06B74F040C}.Debug|x64.Build.0 = Debug|x64
		{D8E0F2AC-6725-45FC-AA13-BA06B74F040C}.Debug|x86.ActiveCfg = Debug|Win32
		{D8E0F2AC-6725-45FC-AA13-BA06B74F040C}.Debug|x86.Build.0 = Debug|Win32
		{D8E0F2AC-6725-45FC-AA13-BA06B74F040C}.Release|x64.ActiveCfg = Release|x64
		{D8E0F2AC-6725-45FC-AA13-BA06B74F040C}.Release|x64.Build.0 = Release|x64
		{D8E0F2AC-6725-45FC-AA13-BA06B74F040C}.Release|x86.ActiveCfg = Release|Win32
		{D8E0F2AC-6725-45FC-AA13-BA06B74F040C}.Release|x86.Build.0 = Release|Win32
		{AF4D77B5-0B2F-4DEC-AAB8-05D48EBEFBF4}.Debug|x64.ActiveCfg = Debug|x64
		{AF4D77B5-0B2F-4DEC-AAB8-05D48EBEFBF4}.Debug|x64.Build.0 = Debug|x64
		{AF4D77B5-0B2F-4DEC-AAB8-05D48EBEFBF4}.Debug|x86.ActiveCfg = Debug|Win32
		{AF4D77B5-0B2F-4DEC-AAB8-05D48EBEFBF4}.Debug|x86.Build.0 = Debug|Win32
		{AF4D77B5-0B2F-4DEC-AAB8-05D48EBEFBF4}.Release|x64.ActiveCfg = Release|x64
		{AF4D77B5-0B2F-4DEC-AAB8-05D48EBEFBF4}.Release|x64.Build.0 = Release|x64
		{AF4D77B5-0B2F-4DEC-AAB8-05D48EBEFBF4}.Release|x86.ActiveCfg = Release|Win32
		{AF4D77B5-0B2F-4DEC-AAB8-05D48EBEFBF4}.Release|x86.Build.0 = Release|Win32
		{592E48A4-DEB8-4425-A2DE-8FD0510D8EB2}.Debug|x64.ActiveCfg = Debug|x64
		{592E48A4-DEB8-4425-A2DE-8FD0510D8EB2}.Debug|x64.Build.0 = Debug|x64
		{592E48A4-DEB8-4425-A2DE-8FD0510D8EB2}.Debug|x86.ActiveCfg = Debug|Win32
		{592E48A4-DEB8-4425-A2DE-8FD0510D8EB2}.Debug|x86.Build.0 = Debug|Win32
		{592E48A4-DEB8-4425-A2DE-8FD0510D8EB2}.Release|x64.ActiveCfg = Release|x64
		{592E48A4-DEB8-4425-A2DE-8FD0510D8EB2}.Release|x64.Build.0 = Release|x64
		{592E48A4-DEB8-4425-A2DE-8FD0510D8EB2}.Release|x86.ActiveCfg = Release|Win32
		{592E48A4-DEB8-4425-A2DE-8FD0510D8EB2}.Release|x86.Build.0 = Release|Win32
		{74B41B23-C1F1-4210-A992-1F53FB93DC81}.Debug|x64.ActiveCfg = Debug|x64
		{74B41B23-C1F1-4210-A992-1F53FB93DC81}.Debug|x64.Build.0 = Debug|x64
		{74B41B23-C1F1-4210-A992-1F53FB93DC81}.Debug|x86.ActiveCfg = Debug|Win32
		{74B41B23-C1F1-4210-A992-1F53FB93DC81}.Debug|x86.Build.0 = Debug|Win32
		{74B41B23-C1F1-4210-A992-1F53FB93DC81}.Release|x64.ActiveCfg = Release|x64
		{74B41B23-C1F1-4210-A992-1F53FB93DC81}.Release|x64.Build.0 = Release|x64
		{74B41B23-C1F1-4210-A992-1F53FB93DC81}.Release|x86.ActiveCfg = Release|Win32
		{74B41B23-C1F1-4210-A992-1F53FB93DC81}.Release|x86.Build.0 = Release|Win32
	EndGlobalSection
	GlobalSection(SolutionProperties) = preSolution
		HideSolutionNode = FALSE
	EndGlobalSection
	GlobalSection(ExtensibilityGlobals) = postSolution
		SolutionGuid = {D4B88E80-2104-4CDB-A191-3F298A0CAD91}
	EndGlobalSection
EndGlobal
